
Microsoft Visual Studio Solution File, Format Version 12.00
# Visual Studio Version 16
VisualStudioVersion = 16.0.32630.194
MinimumVisualStudioVersion = 10.0.40219.1
Project("{FAE04EC0-301F-11D3-BF4B-00C04F79EFBC}") = "Power Of Two", "Power Of Two.csproj", "{79901E98-312C-4AF9-8861-66FBF65814E6}"
EndProject
Global
	GlobalSection(SolutionConfigurationPlatforms) = preSolution
		Debug|Any CPU = Debug|Any CPU
		Release|Any CPU = Release|Any CPU
	EndGlobalSection
	GlobalSection(ProjectConfigurationPlatforms) = postSolution
		{79901E98-312C-4AF9-8861-66FBF65814E6}.Debug|Any CPU.ActiveCfg = Debug|Any CPU
		{79901E98-312C-4AF9-8861-66FBF65814E6}.Debug|Any CPU.Build.0 = Debug|Any CPU
		{79901E98-312C-4AF9-8861-66FBF65814E6}.Release|Any CPU.ActiveCfg = Release|Any CPU
		{79901E98-312C-4AF9-8861-66FBF65814E6}.Release|Any CPU.Build.0 = Release|Any CPU
	EndGlobalSection
	GlobalSection(SolutionProperties) = preSolution
		HideSolutionNode = FALSE
	EndGlobalSection
	GlobalSection(ExtensibilityGlobals) = postSolution
		SolutionGuid = {3692A9CB-A7B4-48BA-BBC0-4BE1DA647610}
	EndGlobalSection
EndGlobal
